
Microsoft Visual Studio Solution File, Format Version 12.00
# Visual Studio Version 17
VisualStudioVersion = 17.4.33213.308
MinimumVisualStudioVersion = 10.0.40219.1
Project("{FAE04EC0-301F-11D3-BF4B-00C04F79EFBC}") = "DeleteGameRoms", "DeleteGameRoms\DeleteGameRoms.csproj", "{3E6AB72B-205D-4B69-8D22-7AE01F59BDA7}"
EndProject
Global
	GlobalSection(SolutionConfigurationPlatforms) = preSolution
		Debug|Any CPU = Debug|Any CPU
		Release|Any CPU = Release|Any CPU
	EndGlobalSection
	GlobalSection(ProjectConfigurationPlatforms) = postSolution
		{3E6AB72B-205D-4B69-8D22-7AE01F59BDA7}.Debug|Any CPU.ActiveCfg = Debug|Any CPU
		{3E6AB72B-205D-4B69-8D22-7AE01F59BDA7}.Debug|Any CPU.Build.0 = Debug|Any CPU
		{3E6AB72B-205D-4B69-8D22-7AE01F59BDA7}.Release|Any CPU.ActiveCfg = Release|Any CPU
		{3E6AB72B-205D-4B69-8D22-7AE01F59BDA7}.Release|Any CPU.Build.0 = Release|Any CPU
	EndGlobalSection
	GlobalSection(SolutionProperties) = preSolution
		HideSolutionNode = FALSE
	EndGlobalSection
	GlobalSection(ExtensibilityGlobals) = postSolution
		SolutionGuid = {13816436-9D2A-4FB2-B5F3-C2B78EE49FA5}
	EndGlobalSection
EndGlobal
